
Microsoft Visual Studio Solution File, Format Version 10.00
# Visual Studio 2008
Project("{FAE04EC0-301F-11D3-BF4B-00C04F79EFBC}") = "Gallery.Web", "Gallery.Web\Gallery.Web.csproj", "{0A1D4A97-3A26-46DC-8F22-E10FEC7FE2D5}"
EndProject
Project("{FAE04EC0-301F-11D3-BF4B-00C04F79EFBC}") = "ThumbGenerator", "ThumbGenerator\ThumbGenerator.csproj", "{74F7331D-5981-4A50-B06F-ABBA7964848F}"
EndProject
Global
	GlobalSection(SubversionScc) = preSolution
		Svn-Managed = True
		Manager = AnkhSVN - Subversion Support for Visual Studio
	EndGlobalSection
	GlobalSection(SolutionConfigurationPlatforms) = preSolution
		Debug|Any CPU = Debug|Any CPU
		Release|Any CPU = Release|Any CPU
	EndGlobalSection
	GlobalSection(ProjectConfigurationPlatforms) = postSolution
		{0A1D4A97-3A26-46DC-8F22-E10FEC7FE2D5}.Debug|Any CPU.ActiveCfg = Debug|Any CPU
		{0A1D4A97-3A26-46DC-8F22-E10FEC7FE2D5}.Debug|Any CPU.Build.0 = Debug|Any CPU
		{0A1D4A97-3A26-46DC-8F22-E10FEC7FE2D5}.Release|Any CPU.ActiveCfg = Release|Any CPU
		{0A1D4A97-3A26-46DC-8F22-E10FEC7FE2D5}.Release|Any CPU.Build.0 = Release|Any CPU
		{74F7331D-5981-4A50-B06F-ABBA7964848F}.Debug|Any CPU.ActiveCfg = Debug|Any CPU
		{74F7331D-5981-4A50-B06F-ABBA7964848F}.Debug|Any CPU.Build.0 = Debug|Any CPU
		{74F7331D-5981-4A50-B06F-ABBA7964848F}.Release|Any CPU.ActiveCfg = Release|Any CPU
		{74F7331D-5981-4A50-B06F-ABBA7964848F}.Release|Any CPU.Build.0 = Release|Any CPU
	EndGlobalSection
	GlobalSection(SolutionProperties) = preSolution
		HideSolutionNode = FALSE
	EndGlobalSection
EndGlobal
