
Microsoft Visual Studio Solution File, Format Version 10.00
# Visual Studio 2008
Project("{FAE04EC0-301F-11D3-BF4B-00C04F79EFBC}") = "Blue.Airport.Win", "Blue.Airport.Win\Blue.Airport.Win.csproj", "{AAFA2F03-87EB-4DD1-BFA3-DA58D9390B53}"
EndProject
Project("{4F174C21-8C12-11D0-8340-0000F80270F8}") = "BullDb", "BullDb\BullDb.dbp", "{343D9665-3648-4D12-8384-655227E8C160}"
EndProject
Project("{FAE04EC0-301F-11D3-BF4B-00C04F79EFBC}") = "Blue.Airport.Lib", "Blue.Airport.Lib\Blue.Airport.Lib.csproj", "{78BA4280-5A94-42E7-B433-DFA8A54A2E67}"
EndProject
Project("{54435603-DBB4-11D2-8724-00A0C9A8B90C}") = "Setup1", "Setup1\Setup1.vdproj", "{606F8A71-DF9D-4DBE-8A2E-FA03F201BCC7}"
EndProject
Global
	GlobalSection(SubversionScc) = preSolution
		Svn-Managed = True
		Manager = AnkhSVN - Subversion Support for Visual Studio
	EndGlobalSection
	GlobalSection(SolutionConfigurationPlatforms) = preSolution
		Debug|Any CPU = Debug|Any CPU
		Release|Any CPU = Release|Any CPU
	EndGlobalSection
	GlobalSection(ProjectConfigurationPlatforms) = postSolution
		{AAFA2F03-87EB-4DD1-BFA3-DA58D9390B53}.Debug|Any CPU.ActiveCfg = Debug|Any CPU
		{AAFA2F03-87EB-4DD1-BFA3-DA58D9390B53}.Debug|Any CPU.Build.0 = Debug|Any CPU
		{AAFA2F03-87EB-4DD1-BFA3-DA58D9390B53}.Release|Any CPU.ActiveCfg = Release|Any CPU
		{AAFA2F03-87EB-4DD1-BFA3-DA58D9390B53}.Release|Any CPU.Build.0 = Release|Any CPU
		{78BA4280-5A94-42E7-B433-DFA8A54A2E67}.Debug|Any CPU.ActiveCfg = Debug|Any CPU
		{78BA4280-5A94-42E7-B433-DFA8A54A2E67}.Debug|Any CPU.Build.0 = Debug|Any CPU
		{78BA4280-5A94-42E7-B433-DFA8A54A2E67}.Release|Any CPU.ActiveCfg = Release|Any CPU
		{78BA4280-5A94-42E7-B433-DFA8A54A2E67}.Release|Any CPU.Build.0 = Release|Any CPU
		{606F8A71-DF9D-4DBE-8A2E-FA03F201BCC7}.Debug|Any CPU.ActiveCfg = Debug
		{606F8A71-DF9D-4DBE-8A2E-FA03F201BCC7}.Release|Any CPU.ActiveCfg = Release
	EndGlobalSection
	GlobalSection(SolutionProperties) = preSolution
		HideSolutionNode = FALSE
	EndGlobalSection
EndGlobal
